
Microsoft Visual Studio Solution File, Format Version 12.00
# Visual Studio Version 16
VisualStudioVersion = 16.0.30523.141
MinimumVisualStudioVersion = 10.0.40219.1
Project("{FAE04EC0-301F-11D3-BF4B-00C04F79EFBC}") = "DesafioPOO2", "DesafioPOO2.csproj", "{5F964976-5611-4C16-9C2E-D5AA75AC9DE9}"
EndProject
Global
	GlobalSection(SolutionConfigurationPlatforms) = preSolution
		Debug|Any CPU = Debug|Any CPU
		Release|Any CPU = Release|Any CPU
	EndGlobalSection
	GlobalSection(ProjectConfigurationPlatforms) = postSolution
		{5F964976-5611-4C16-9C2E-D5AA75AC9DE9}.Debug|Any CPU.ActiveCfg = Debug|Any CPU
		{5F964976-5611-4C16-9C2E-D5AA75AC9DE9}.Debug|Any CPU.Build.0 = Debug|Any CPU
		{5F964976-5611-4C16-9C2E-D5AA75AC9DE9}.Release|Any CPU.ActiveCfg = Release|Any CPU
		{5F964976-5611-4C16-9C2E-D5AA75AC9DE9}.Release|Any CPU.Build.0 = Release|Any CPU
	EndGlobalSection
	GlobalSection(SolutionProperties) = preSolution
		HideSolutionNode = FALSE
	EndGlobalSection
	GlobalSection(ExtensibilityGlobals) = postSolution
		SolutionGuid = {E7C52A0A-7BD2-4DF0-A300-7B4111073CE4}
	EndGlobalSection
EndGlobal
